
Microsoft Visual Studio Solution File, Format Version 12.00
# Visual Studio Version 16
VisualStudioVersion = 16.0.31313.79
MinimumVisualStudioVersion = 10.0.40219.1
Project("{FAE04EC0-301F-11D3-BF4B-00C04F79EFBC}") = "MongoBDApi", "MongoBDApi\MongoBDApi.csproj", "{C8A3F7FD-1CA8-4E9E-9DF3-162B86464559}"
EndProject
Global
	GlobalSection(SolutionConfigurationPlatforms) = preSolution
		Debug|Any CPU = Debug|Any CPU
		Release|Any CPU = Release|Any CPU
	EndGlobalSection
	GlobalSection(ProjectConfigurationPlatforms) = postSolution
		{C8A3F7FD-1CA8-4E9E-9DF3-162B86464559}.Debug|Any CPU.ActiveCfg = Debug|Any CPU
		{C8A3F7FD-1CA8-4E9E-9DF3-162B86464559}.Debug|Any CPU.Build.0 = Debug|Any CPU
		{C8A3F7FD-1CA8-4E9E-9DF3-162B86464559}.Release|Any CPU.ActiveCfg = Release|Any CPU
		{C8A3F7FD-1CA8-4E9E-9DF3-162B86464559}.Release|Any CPU.Build.0 = Release|Any CPU
	EndGlobalSection
	GlobalSection(SolutionProperties) = preSolution
		HideSolutionNode = FALSE
	EndGlobalSection
	GlobalSection(ExtensibilityGlobals) = postSolution
		SolutionGuid = {733BF8AD-820C-4822-8AE6-95696E73A61F}
	EndGlobalSection
EndGlobal
